
Microsoft Visual Studio Solution File, Format Version 12.00
# Visual Studio 14
VisualStudioVersion = 14.0.23107.0
MinimumVisualStudioVersion = 10.0.40219.1
Project("{F184B08F-C81C-45F6-A57F-5ABD9991F28F}") = "ACRemote", "ACRemote\ACRemote.vbproj", "{920AB0BA-5202-412B-BD8D-0EE4C9749892}"
EndProject
Project("{F184B08F-C81C-45F6-A57F-5ABD9991F28F}") = "API", "API\API.vbproj", "{1B289C97-5709-4BAC-92C0-ACEEE30AC333}"
EndProject
Project("{F184B08F-C81C-45F6-A57F-5ABD9991F28F}") = "CliClient", "CliClient\CliClient.vbproj", "{E952828F-BD5D-4053-AAB3-46F39D637019}"
EndProject
Project("{F184B08F-C81C-45F6-A57F-5ABD9991F28F}") = "CliServer", "CliServer\CliServer.vbproj", "{3DDF0D17-ACB2-42BF-B7DB-FFA20A8F436F}"
EndProject
Project("{F184B08F-C81C-45F6-A57F-5ABD9991F28F}") = "Injections.FileDHT11", "Injections.FileDHT11\Injections.FileDHT11.vbproj", "{B9D18148-9EB0-4458-9D89-62C372A110C5}"
EndProject
Project("{F184B08F-C81C-45F6-A57F-5ABD9991F28F}") = "Injections.AppConfigGpioSettings", "Injections.AppConfigGpioSettings\Injections.AppConfigGpioSettings.vbproj", "{0FF0C158-8FAD-4D59-8B58-74EE225C3131}"
EndProject
Project("{F184B08F-C81C-45F6-A57F-5ABD9991F28F}") = "Injections.LinuxPlatformGPIO", "Injections.LinuxPlatformGPIO\Injections.LinuxPlatformGPIO.vbproj", "{7FF009E6-B597-4E95-8D8C-BEA9D413FFA7}"
EndProject
Project("{F184B08F-C81C-45F6-A57F-5ABD9991F28F}") = "Injections.MQTTNotify", "Injections.MQTTNotify\Injections.MQTTNotify.vbproj", "{249ECE1C-9F72-44C0-AE87-348218BA027C}"
EndProject
Project("{F184B08F-C81C-45F6-A57F-5ABD9991F28F}") = "Injections.NullModules", "Injections.NullModules\Injections.NullModules.vbproj", "{8040F4BC-A0D8-4D22-8367-71120749E3B3}"
EndProject
Project("{FAE04EC0-301F-11D3-BF4B-00C04F79EFBC}") = "TinyIoC", "TinyIoC\TinyIoC.csproj", "{B8F7E953-C394-4BE0-94F0-5A26EED11364}"
EndProject
Project("{FAE04EC0-301F-11D3-BF4B-00C04F79EFBC}") = "SimpleWebServer", "SimpleWebServer\SimpleWebServer.csproj", "{4794BFBE-FBDA-4000-B5F2-6C50EB7FC854}"
EndProject
Project("{F184B08F-C81C-45F6-A57F-5ABD9991F28F}") = "DataLoggingService", "DataLoggingService\DataLoggingService.vbproj", "{FB74F7F6-5F39-4379-9F58-4F403590F3CD}"
EndProject
Project("{F184B08F-C81C-45F6-A57F-5ABD9991F28F}") = "Tests", "Tests\Tests.vbproj", "{CB0B6F7F-4E0B-4274-994B-40305BADEBA2}"
EndProject
Global
	GlobalSection(SolutionConfigurationPlatforms) = preSolution
		Debug|Any CPU = Debug|Any CPU
		Release|Any CPU = Release|Any CPU
	EndGlobalSection
	GlobalSection(ProjectConfigurationPlatforms) = postSolution
		{920AB0BA-5202-412B-BD8D-0EE4C9749892}.Debug|Any CPU.ActiveCfg = Debug|Any CPU
		{920AB0BA-5202-412B-BD8D-0EE4C9749892}.Debug|Any CPU.Build.0 = Debug|Any CPU
		{920AB0BA-5202-412B-BD8D-0EE4C9749892}.Release|Any CPU.ActiveCfg = Release|Any CPU
		{920AB0BA-5202-412B-BD8D-0EE4C9749892}.Release|Any CPU.Build.0 = Release|Any CPU
		{1B289C97-5709-4BAC-92C0-ACEEE30AC333}.Debug|Any CPU.ActiveCfg = Debug|Any CPU
		{1B289C97-5709-4BAC-92C0-ACEEE30AC333}.Debug|Any CPU.Build.0 = Debug|Any CPU
		{1B289C97-5709-4BAC-92C0-ACEEE30AC333}.Release|Any CPU.ActiveCfg = Release|Any CPU
		{1B289C97-5709-4BAC-92C0-ACEEE30AC333}.Release|Any CPU.Build.0 = Release|Any CPU
		{E952828F-BD5D-4053-AAB3-46F39D637019}.Debug|Any CPU.ActiveCfg = Debug|Any CPU
		{E952828F-BD5D-4053-AAB3-46F39D637019}.Debug|Any CPU.Build.0 = Debug|Any CPU
		{E952828F-BD5D-4053-AAB3-46F39D637019}.Release|Any CPU.ActiveCfg = Release|Any CPU
		{E952828F-BD5D-4053-AAB3-46F39D637019}.Release|Any CPU.Build.0 = Release|Any CPU
		{3DDF0D17-ACB2-42BF-B7DB-FFA20A8F436F}.Debug|Any CPU.ActiveCfg = Debug|Any CPU
		{3DDF0D17-ACB2-42BF-B7DB-FFA20A8F436F}.Debug|Any CPU.Build.0 = Debug|Any CPU
		{3DDF0D17-ACB2-42BF-B7DB-FFA20A8F436F}.Release|Any CPU.ActiveCfg = Release|Any CPU
		{3DDF0D17-ACB2-42BF-B7DB-FFA20A8F436F}.Release|Any CPU.Build.0 = Release|Any CPU
		{B9D18148-9EB0-4458-9D89-62C372A110C5}.Debug|Any CPU.ActiveCfg = Debug|Any CPU
		{B9D18148-9EB0-4458-9D89-62C372A110C5}.Debug|Any CPU.Build.0 = Debug|Any CPU
		{B9D18148-9EB0-4458-9D89-62C372A110C5}.Release|Any CPU.ActiveCfg = Release|Any CPU
		{B9D18148-9EB0-4458-9D89-62C372A110C5}.Release|Any CPU.Build.0 = Release|Any CPU
		{0FF0C158-8FAD-4D59-8B58-74EE225C3131}.Debug|Any CPU.ActiveCfg = Debug|Any CPU
		{0FF0C158-8FAD-4D59-8B58-74EE225C3131}.Debug|Any CPU.Build.0 = Debug|Any CPU
		{0FF0C158-8FAD-4D59-8B58-74EE225C3131}.Release|Any CPU.ActiveCfg = Release|Any CPU
		{0FF0C158-8FAD-4D59-8B58-74EE225C3131}.Release|Any CPU.Build.0 = Release|Any CPU
		{7FF009E6-B597-4E95-8D8C-BEA9D413FFA7}.Debug|Any CPU.ActiveCfg = Debug|Any CPU
		{7FF009E6-B597-4E95-8D8C-BEA9D413FFA7}.Debug|Any CPU.Build.0 = Debug|Any CPU
		{7FF009E6-B597-4E95-8D8C-BEA9D413FFA7}.Release|Any CPU.ActiveCfg = Release|Any CPU
		{7FF009E6-B597-4E95-8D8C-BEA9D413FFA7}.Release|Any CPU.Build.0 = Release|Any CPU
		{249ECE1C-9F72-44C0-AE87-348218BA027C}.Debug|Any CPU.ActiveCfg = Debug|Any CPU
		{249ECE1C-9F72-44C0-AE87-348218BA027C}.Debug|Any CPU.Build.0 = Debug|Any CPU
		{249ECE1C-9F72-44C0-AE87-348218BA027C}.Release|Any CPU.ActiveCfg = Release|Any CPU
		{249ECE1C-9F72-44C0-AE87-348218BA027C}.Release|Any CPU.Build.0 = Release|Any CPU
		{8040F4BC-A0D8-4D22-8367-71120749E3B3}.Debug|Any CPU.ActiveCfg = Debug|Any CPU
		{8040F4BC-A0D8-4D22-8367-71120749E3B3}.Debug|Any CPU.Build.0 = Debug|Any CPU
		{8040F4BC-A0D8-4D22-8367-71120749E3B3}.Release|Any CPU.ActiveCfg = Release|Any CPU
		{8040F4BC-A0D8-4D22-8367-71120749E3B3}.Release|Any CPU.Build.0 = Release|Any CPU
		{B8F7E953-C394-4BE0-94F0-5A26EED11364}.Debug|Any CPU.ActiveCfg = Debug|Any CPU
		{B8F7E953-C394-4BE0-94F0-5A26EED11364}.Debug|Any CPU.Build.0 = Debug|Any CPU
		{B8F7E953-C394-4BE0-94F0-5A26EED11364}.Release|Any CPU.ActiveCfg = Release|Any CPU
		{B8F7E953-C394-4BE0-94F0-5A26EED11364}.Release|Any CPU.Build.0 = Release|Any CPU
		{4794BFBE-FBDA-4000-B5F2-6C50EB7FC854}.Debug|Any CPU.ActiveCfg = Debug|Any CPU
		{4794BFBE-FBDA-4000-B5F2-6C50EB7FC854}.Debug|Any CPU.Build.0 = Debug|Any CPU
		{4794BFBE-FBDA-4000-B5F2-6C50EB7FC854}.Release|Any CPU.ActiveCfg = Release|Any CPU
		{4794BFBE-FBDA-4000-B5F2-6C50EB7FC854}.Release|Any CPU.Build.0 = Release|Any CPU
		{FB74F7F6-5F39-4379-9F58-4F403590F3CD}.Debug|Any CPU.ActiveCfg = Debug|Any CPU
		{FB74F7F6-5F39-4379-9F58-4F403590F3CD}.Debug|Any CPU.Build.0 = Debug|Any CPU
		{FB74F7F6-5F39-4379-9F58-4F403590F3CD}.Release|Any CPU.ActiveCfg = Release|Any CPU
		{FB74F7F6-5F39-4379-9F58-4F403590F3CD}.Release|Any CPU.Build.0 = Release|Any CPU
		{CB0B6F7F-4E0B-4274-994B-40305BADEBA2}.Debug|Any CPU.ActiveCfg = Debug|Any CPU
		{CB0B6F7F-4E0B-4274-994B-40305BADEBA2}.Debug|Any CPU.Build.0 = Debug|Any CPU
		{CB0B6F7F-4E0B-4274-994B-40305BADEBA2}.Release|Any CPU.ActiveCfg = Release|Any CPU
		{CB0B6F7F-4E0B-4274-994B-40305BADEBA2}.Release|Any CPU.Build.0 = Release|Any CPU
	EndGlobalSection
	GlobalSection(SolutionProperties) = preSolution
		HideSolutionNode = FALSE
	EndGlobalSection
EndGlobal
